
Microsoft Visual Studio Solution File, Format Version 12.00
# Visual Studio Version 16
VisualStudioVersion = 16.0.36422.26
MinimumVisualStudioVersion = 10.0.40219.1
Project("{FAE04EC0-301F-11D3-BF4B-00C04F79EFBC}") = "HW3", "HW3\HW3.csproj", "{405F5080-17F7-4630-B584-04FC2477773B}"
EndProject
Global
	GlobalSection(SolutionConfigurationPlatforms) = preSolution
		Debug|Any CPU = Debug|Any CPU
		Release|Any CPU = Release|Any CPU
	EndGlobalSection
	GlobalSection(ProjectConfigurationPlatforms) = postSolution
		{405F5080-17F7-4630-B584-04FC2477773B}.Debug|Any CPU.ActiveCfg = Debug|Any CPU
		{405F5080-17F7-4630-B584-04FC2477773B}.Debug|Any CPU.Build.0 = Debug|Any CPU
		{405F5080-17F7-4630-B584-04FC2477773B}.Release|Any CPU.ActiveCfg = Release|Any CPU
		{405F5080-17F7-4630-B584-04FC2477773B}.Release|Any CPU.Build.0 = Release|Any CPU
	EndGlobalSection
	GlobalSection(SolutionProperties) = preSolution
		HideSolutionNode = FALSE
	EndGlobalSection
	GlobalSection(ExtensibilityGlobals) = postSolution
		SolutionGuid = {15063BC1-E3FD-4184-BF1A-DB64788C8417}
	EndGlobalSection
EndGlobal
